
Microsoft Visual Studio Solution File, Format Version 12.00
Project("{2150E333-8FDC-42A3-9474-1A3956D46DE8}") = "src", "src", "{C541D10A-E953-4E58-B0F7-FE24CA3B6BC7}"
EndProject
Project("{2150E333-8FDC-42A3-9474-1A3956D46DE8}") = "tests", "tests", "{CC6AE3F8-C887-4769-8251-B05199FE9828}"
EndProject
Project("{FAE04EC0-301F-11D3-BF4B-00C04F79EFBC}") = "WebApi", "src\WebApi\WebApi.csproj", "{A5398BC7-666D-4ED0-A1B2-90CD9EA32CC1}"
EndProject
Project("{2150E333-8FDC-42A3-9474-1A3956D46DE8}") = "IntegrationTests", "IntegrationTests", "{7BEEE5A8-E751-45C3-9B52-593BFFC24A38}"
EndProject
Project("{2150E333-8FDC-42A3-9474-1A3956D46DE8}") = "UnitTests", "UnitTests", "{52EA0D39-92A3-4509-BF09-D6B9EDA9B84E}"
EndProject
Project("{FAE04EC0-301F-11D3-BF4B-00C04F79EFBC}") = "IntegrationTest", "tests\IntegrationTests\IntegrationTest\IntegrationTest.csproj", "{D6A67663-A918-4A28-9B28-739B6327B45D}"
EndProject
Project("{FAE04EC0-301F-11D3-BF4B-00C04F79EFBC}") = "UnitTest", "tests\UnitTests\UnitTest\UnitTest.csproj", "{D776D6EB-4786-41DB-8637-098FDC70DE60}"
EndProject
Global
	GlobalSection(SolutionConfigurationPlatforms) = preSolution
		Debug|Any CPU = Debug|Any CPU
		Release|Any CPU = Release|Any CPU
	EndGlobalSection
	GlobalSection(ProjectConfigurationPlatforms) = postSolution
		{A5398BC7-666D-4ED0-A1B2-90CD9EA32CC1}.Debug|Any CPU.ActiveCfg = Debug|Any CPU
		{A5398BC7-666D-4ED0-A1B2-90CD9EA32CC1}.Debug|Any CPU.Build.0 = Debug|Any CPU
		{A5398BC7-666D-4ED0-A1B2-90CD9EA32CC1}.Release|Any CPU.ActiveCfg = Release|Any CPU
		{A5398BC7-666D-4ED0-A1B2-90CD9EA32CC1}.Release|Any CPU.Build.0 = Release|Any CPU
		{D6A67663-A918-4A28-9B28-739B6327B45D}.Debug|Any CPU.ActiveCfg = Debug|Any CPU
		{D6A67663-A918-4A28-9B28-739B6327B45D}.Debug|Any CPU.Build.0 = Debug|Any CPU
		{D6A67663-A918-4A28-9B28-739B6327B45D}.Release|Any CPU.ActiveCfg = Release|Any CPU
		{D6A67663-A918-4A28-9B28-739B6327B45D}.Release|Any CPU.Build.0 = Release|Any CPU
		{D776D6EB-4786-41DB-8637-098FDC70DE60}.Debug|Any CPU.ActiveCfg = Debug|Any CPU
		{D776D6EB-4786-41DB-8637-098FDC70DE60}.Debug|Any CPU.Build.0 = Debug|Any CPU
		{D776D6EB-4786-41DB-8637-098FDC70DE60}.Release|Any CPU.ActiveCfg = Release|Any CPU
		{D776D6EB-4786-41DB-8637-098FDC70DE60}.Release|Any CPU.Build.0 = Release|Any CPU
	EndGlobalSection
	GlobalSection(NestedProjects) = preSolution
		{A5398BC7-666D-4ED0-A1B2-90CD9EA32CC1} = {C541D10A-E953-4E58-B0F7-FE24CA3B6BC7}
		{7BEEE5A8-E751-45C3-9B52-593BFFC24A38} = {CC6AE3F8-C887-4769-8251-B05199FE9828}
		{52EA0D39-92A3-4509-BF09-D6B9EDA9B84E} = {CC6AE3F8-C887-4769-8251-B05199FE9828}
		{D6A67663-A918-4A28-9B28-739B6327B45D} = {7BEEE5A8-E751-45C3-9B52-593BFFC24A38}
		{D776D6EB-4786-41DB-8637-098FDC70DE60} = {52EA0D39-92A3-4509-BF09-D6B9EDA9B84E}
	EndGlobalSection
EndGlobal
